
Microsoft Visual Studio Solution File, Format Version 12.00
Project("{FAE04EC0-301F-11D3-BF4B-00C04F79EFBC}") = "Console", "Console\Console.csproj", "{EB7DF0D3-B67F-4D92-B03C-C21085074C7C}"
EndProject
Project("{FAE04EC0-301F-11D3-BF4B-00C04F79EFBC}") = "FourthKyu", "FourthKyu\FourthKyu.csproj", "{1E33347C-F6A1-4AD1-A353-18CECE1F3081}"
EndProject
Project("{FAE04EC0-301F-11D3-BF4B-00C04F79EFBC}") = "EightKyu", "EightKyu\EightKyu.csproj", "{527F6B82-EE9E-49BF-BEEA-C09A6456C784}"
EndProject
Project("{FAE04EC0-301F-11D3-BF4B-00C04F79EFBC}") = "SeventhKyu", "SeventhKyu\SeventhKyu.csproj", "{20D4CBD9-CA2E-487B-BFC3-FB598DD646BC}"
EndProject
Project("{FAE04EC0-301F-11D3-BF4B-00C04F79EFBC}") = "SixthKyu", "SixthKyu\SixthKyu.csproj", "{B2223D4A-8E6E-4F3D-A07D-F79F313D0851}"
EndProject
Global
	GlobalSection(SolutionConfigurationPlatforms) = preSolution
		Debug|Any CPU = Debug|Any CPU
		Release|Any CPU = Release|Any CPU
	EndGlobalSection
	GlobalSection(ProjectConfigurationPlatforms) = postSolution
		{EB7DF0D3-B67F-4D92-B03C-C21085074C7C}.Debug|Any CPU.ActiveCfg = Debug|Any CPU
		{EB7DF0D3-B67F-4D92-B03C-C21085074C7C}.Debug|Any CPU.Build.0 = Debug|Any CPU
		{EB7DF0D3-B67F-4D92-B03C-C21085074C7C}.Release|Any CPU.ActiveCfg = Release|Any CPU
		{EB7DF0D3-B67F-4D92-B03C-C21085074C7C}.Release|Any CPU.Build.0 = Release|Any CPU
		{1E33347C-F6A1-4AD1-A353-18CECE1F3081}.Debug|Any CPU.ActiveCfg = Debug|Any CPU
		{1E33347C-F6A1-4AD1-A353-18CECE1F3081}.Debug|Any CPU.Build.0 = Debug|Any CPU
		{1E33347C-F6A1-4AD1-A353-18CECE1F3081}.Release|Any CPU.ActiveCfg = Release|Any CPU
		{1E33347C-F6A1-4AD1-A353-18CECE1F3081}.Release|Any CPU.Build.0 = Release|Any CPU
		{527F6B82-EE9E-49BF-BEEA-C09A6456C784}.Debug|Any CPU.ActiveCfg = Debug|Any CPU
		{527F6B82-EE9E-49BF-BEEA-C09A6456C784}.Debug|Any CPU.Build.0 = Debug|Any CPU
		{527F6B82-EE9E-49BF-BEEA-C09A6456C784}.Release|Any CPU.ActiveCfg = Release|Any CPU
		{527F6B82-EE9E-49BF-BEEA-C09A6456C784}.Release|Any CPU.Build.0 = Release|Any CPU
		{20D4CBD9-CA2E-487B-BFC3-FB598DD646BC}.Debug|Any CPU.ActiveCfg = Debug|Any CPU
		{20D4CBD9-CA2E-487B-BFC3-FB598DD646BC}.Debug|Any CPU.Build.0 = Debug|Any CPU
		{20D4CBD9-CA2E-487B-BFC3-FB598DD646BC}.Release|Any CPU.ActiveCfg = Release|Any CPU
		{20D4CBD9-CA2E-487B-BFC3-FB598DD646BC}.Release|Any CPU.Build.0 = Release|Any CPU
		{B2223D4A-8E6E-4F3D-A07D-F79F313D0851}.Debug|Any CPU.ActiveCfg = Debug|Any CPU
		{B2223D4A-8E6E-4F3D-A07D-F79F313D0851}.Debug|Any CPU.Build.0 = Debug|Any CPU
		{B2223D4A-8E6E-4F3D-A07D-F79F313D0851}.Release|Any CPU.ActiveCfg = Release|Any CPU
		{B2223D4A-8E6E-4F3D-A07D-F79F313D0851}.Release|Any CPU.Build.0 = Release|Any CPU
	EndGlobalSection
EndGlobal
